
Microsoft Visual Studio Solution File, Format Version 12.00
Project("{FAE04EC0-301F-11D3-BF4B-00C04F79EFBC}") = "CoursesApp.Web", "CoursesApp.Web\CoursesApp.Web.csproj", "{A5288882-3240-41A7-B644-41AEDAF5771B}"
EndProject
Project("{FAE04EC0-301F-11D3-BF4B-00C04F79EFBC}") = "CoursesApp.Domain", "CoursesApp.Domain\CoursesApp.Domain.csproj", "{57D6BF1C-F925-4117-BAAD-383042FA1E81}"
EndProject
Project("{FAE04EC0-301F-11D3-BF4B-00C04F79EFBC}") = "CoursesApp.Infrastructure", "CoursesApp.Infrastructure\CoursesApp.Infrastructure.csproj", "{53C8D9DB-AF8E-4526-A95D-304AA28D9815}"
EndProject
Project("{FAE04EC0-301F-11D3-BF4B-00C04F79EFBC}") = "CoursesApp.Tests", "..\tests\CoursesApp.Tests\CoursesApp.Tests.csproj", "{D41ADE82-BD5A-410F-8558-F3496F8777EE}"
EndProject
Global
	GlobalSection(SolutionConfigurationPlatforms) = preSolution
		Debug|Any CPU = Debug|Any CPU
		Debug|x64 = Debug|x64
		Debug|x86 = Debug|x86
		Release|Any CPU = Release|Any CPU
		Release|x64 = Release|x64
		Release|x86 = Release|x86
	EndGlobalSection
	GlobalSection(ProjectConfigurationPlatforms) = postSolution
		{A5288882-3240-41A7-B644-41AEDAF5771B}.Debug|Any CPU.ActiveCfg = Debug|Any CPU
		{A5288882-3240-41A7-B644-41AEDAF5771B}.Debug|Any CPU.Build.0 = Debug|Any CPU
		{A5288882-3240-41A7-B644-41AEDAF5771B}.Debug|x64.ActiveCfg = Debug|Any CPU
		{A5288882-3240-41A7-B644-41AEDAF5771B}.Debug|x64.Build.0 = Debug|Any CPU
		{A5288882-3240-41A7-B644-41AEDAF5771B}.Debug|x86.ActiveCfg = Debug|Any CPU
		{A5288882-3240-41A7-B644-41AEDAF5771B}.Debug|x86.Build.0 = Debug|Any CPU
		{A5288882-3240-41A7-B644-41AEDAF5771B}.Release|Any CPU.ActiveCfg = Release|Any CPU
		{A5288882-3240-41A7-B644-41AEDAF5771B}.Release|Any CPU.Build.0 = Release|Any CPU
		{A5288882-3240-41A7-B644-41AEDAF5771B}.Release|x64.ActiveCfg = Release|Any CPU
		{A5288882-3240-41A7-B644-41AEDAF5771B}.Release|x64.Build.0 = Release|Any CPU
		{A5288882-3240-41A7-B644-41AEDAF5771B}.Release|x86.ActiveCfg = Release|Any CPU
		{A5288882-3240-41A7-B644-41AEDAF5771B}.Release|x86.Build.0 = Release|Any CPU
		{57D6BF1C-F925-4117-BAAD-383042FA1E81}.Debug|Any CPU.ActiveCfg = Debug|Any CPU
		{57D6BF1C-F925-4117-BAAD-383042FA1E81}.Debug|Any CPU.Build.0 = Debug|Any CPU
		{57D6BF1C-F925-4117-BAAD-383042FA1E81}.Debug|x64.ActiveCfg = Debug|Any CPU
		{57D6BF1C-F925-4117-BAAD-383042FA1E81}.Debug|x64.Build.0 = Debug|Any CPU
		{57D6BF1C-F925-4117-BAAD-383042FA1E81}.Debug|x86.ActiveCfg = Debug|Any CPU
		{57D6BF1C-F925-4117-BAAD-383042FA1E81}.Debug|x86.Build.0 = Debug|Any CPU
		{57D6BF1C-F925-4117-BAAD-383042FA1E81}.Release|Any CPU.ActiveCfg = Release|Any CPU
		{57D6BF1C-F925-4117-BAAD-383042FA1E81}.Release|Any CPU.Build.0 = Release|Any CPU
		{57D6BF1C-F925-4117-BAAD-383042FA1E81}.Release|x64.ActiveCfg = Release|Any CPU
		{57D6BF1C-F925-4117-BAAD-383042FA1E81}.Release|x64.Build.0 = Release|Any CPU
		{57D6BF1C-F925-4117-BAAD-383042FA1E81}.Release|x86.ActiveCfg = Release|Any CPU
		{57D6BF1C-F925-4117-BAAD-383042FA1E81}.Release|x86.Build.0 = Release|Any CPU
		{53C8D9DB-AF8E-4526-A95D-304AA28D9815}.Debug|Any CPU.ActiveCfg = Debug|Any CPU
		{53C8D9DB-AF8E-4526-A95D-304AA28D9815}.Debug|Any CPU.Build.0 = Debug|Any CPU
		{53C8D9DB-AF8E-4526-A95D-304AA28D9815}.Debug|x64.ActiveCfg = Debug|Any CPU
		{53C8D9DB-AF8E-4526-A95D-304AA28D9815}.Debug|x64.Build.0 = Debug|Any CPU
		{53C8D9DB-AF8E-4526-A95D-304AA28D9815}.Debug|x86.ActiveCfg = Debug|Any CPU
		{53C8D9DB-AF8E-4526-A95D-304AA28D9815}.Debug|x86.Build.0 = Debug|Any CPU
		{53C8D9DB-AF8E-4526-A95D-304AA28D9815}.Release|Any CPU.ActiveCfg = Release|Any CPU
		{53C8D9DB-AF8E-4526-A95D-304AA28D9815}.Release|Any CPU.Build.0 = Release|Any CPU
		{53C8D9DB-AF8E-4526-A95D-304AA28D9815}.Release|x64.ActiveCfg = Release|Any CPU
		{53C8D9DB-AF8E-4526-A95D-304AA28D9815}.Release|x64.Build.0 = Release|Any CPU
		{53C8D9DB-AF8E-4526-A95D-304AA28D9815}.Release|x86.ActiveCfg = Release|Any CPU
		{53C8D9DB-AF8E-4526-A95D-304AA28D9815}.Release|x86.Build.0 = Release|Any CPU
		{D41ADE82-BD5A-410F-8558-F3496F8777EE}.Debug|Any CPU.ActiveCfg = Debug|Any CPU
		{D41ADE82-BD5A-410F-8558-F3496F8777EE}.Debug|Any CPU.Build.0 = Debug|Any CPU
		{D41ADE82-BD5A-410F-8558-F3496F8777EE}.Debug|x64.ActiveCfg = Debug|Any CPU
		{D41ADE82-BD5A-410F-8558-F3496F8777EE}.Debug|x64.Build.0 = Debug|Any CPU
		{D41ADE82-BD5A-410F-8558-F3496F8777EE}.Debug|x86.ActiveCfg = Debug|Any CPU
		{D41ADE82-BD5A-410F-8558-F3496F8777EE}.Debug|x86.Build.0 = Debug|Any CPU
		{D41ADE82-BD5A-410F-8558-F3496F8777EE}.Release|Any CPU.ActiveCfg = Release|Any CPU
		{D41ADE82-BD5A-410F-8558-F3496F8777EE}.Release|Any CPU.Build.0 = Release|Any CPU
		{D41ADE82-BD5A-410F-8558-F3496F8777EE}.Release|x64.ActiveCfg = Release|Any CPU
		{D41ADE82-BD5A-410F-8558-F3496F8777EE}.Release|x64.Build.0 = Release|Any CPU
		{D41ADE82-BD5A-410F-8558-F3496F8777EE}.Release|x86.ActiveCfg = Release|Any CPU
		{D41ADE82-BD5A-410F-8558-F3496F8777EE}.Release|x86.Build.0 = Release|Any CPU
	EndGlobalSection
	GlobalSection(SolutionProperties) = preSolution
		HideSolutionNode = FALSE
	EndGlobalSection
EndGlobal
